PODS:
  - REFormattedNumberField (1.1.6)
  - RETableViewManager (1.7):
    - REFormattedNumberField (~> 1.1.5)
    - REValidation (~> 0.1.4)
  - REValidation (0.1.4)
  - TZImagePickerController (1.9.8)

DEPENDENCIES:
  - RETableViewManager (~> 1.7)
  - TZImagePickerController (~> 1.9.3)

SPEC REPOS:
  https://github.com/CocoaPods/Specs.git:
    - REFormattedNumberField
    - RETableViewManager
    - REValidation
  trunk:
    - TZImagePickerController

SPEC CHECKSUMS:
  REFormattedNumberField: 70fc5fb1218ebd5ee9983820defd12806d5c6ec6
  RETableViewManager: 0f24d796c42c0890d38c79cc9aeb3871e186726e
  REValidation: 38c4de1be58455f8b00aab208ac80db316a66b7f
  TZImagePickerController: 3b9413ae5d049b1fdc5b0c720ad283f35b679a50

PODFILE CHECKSUM: d712512e5c5234833024ba566b38b64d5869031c

COCOAPODS: 1.8.3
