// !$*UTF8*$!
{
	archiveVersion = 1;
	classes = {
	};
	objectVersion = 50;
	objects = {

/* Begin PBXBuildFile section */
		806BC69F9272B8E2A9A8BDAB /* libPods-RETableViewManagerTest.a in Frameworks */ = {isa = PBXBuildFile; fileRef = D60DA2229917A729A7070893 /* libPods-RETableViewManagerTest.a */; };
		D540158221D7561D000B89C2 /* AppDelegate.m in Sources */ = {isa = PBXBuildFile; fileRef = D540158121D7561D000B89C2 /* AppDelegate.m */; };
		D540158521D7561D000B89C2 /* ViewController.m in Sources */ = {isa = PBXBuildFile; fileRef = D540158421D7561D000B89C2 /* ViewController.m */; };
		D540158821D7561D000B89C2 /* Main.storyboard in Resources */ = {isa = PBXBuildFile; fileRef = D540158621D7561D000B89C2 /* Main.storyboard */; };
		D540158A21D7561E000B89C2 /* Assets.xcassets in Resources */ = {isa = PBXBuildFile; fileRef = D540158921D7561E000B89C2 /* Assets.xcassets */; };
		D540158D21D7561E000B89C2 /* LaunchScreen.storyboard in Resources */ = {isa = PBXBuildFile; fileRef = D540158B21D7561E000B89C2 /* LaunchScreen.storyboard */; };
		D540159021D7561E000B89C2 /* main.m in Sources */ = {isa = PBXBuildFile; fileRef = D540158F21D7561E000B89C2 /* main.m */; };
		D540159A21D7561E000B89C2 /* RETableViewManagerTestTests.m in Sources */ = {isa = PBXBuildFile; fileRef = D540159921D7561E000B89C2 /* RETableViewManagerTestTests.m */; };
		D54015A521D7561E000B89C2 /* RETableViewManagerTestUITests.m in Sources */ = {isa = PBXBuildFile; fileRef = D54015A421D7561E000B89C2 /* RETableViewManagerTestUITests.m */; };
		D54015B421D75DA7000B89C2 /* ItemTest.m in Sources */ = {isa = PBXBuildFile; fileRef = D54015B321D75DA7000B89C2 /* ItemTest.m */; };
		D54015B721D75E04000B89C2 /* Model.m in Sources */ = {isa = PBXBuildFile; fileRef = D54015B621D75E04000B89C2 /* Model.m */; };
		D54015BA21D7669D000B89C2 /* TextTableViewCell.m in Sources */ = {isa = PBXBuildFile; fileRef = D54015B921D7669D000B89C2 /* TextTableViewCell.m */; };
		D563B0B021FEB8860022BE25 /* YQXIBViewController.m in Sources */ = {isa = PBXBuildFile; fileRef = D563B0AE21FEB8860022BE25 /* YQXIBViewController.m */; };
		D563B0B121FEB8860022BE25 /* YQXIBViewController.xib in Resources */ = {isa = PBXBuildFile; fileRef = D563B0AF21FEB8860022BE25 /* YQXIBViewController.xib */; };
/* End PBXBuildFile section */

/* Begin PBXContainerItemProxy section */
		D540159621D7561E000B89C2 /* PBXContainerItemProxy */ = {
			isa = PBXContainerItemProxy;
			containerPortal = D540157521D7561D000B89C2 /* Project object */;
			proxyType = 1;
			remoteGlobalIDString = D540157C21D7561D000B89C2;
			remoteInfo = RETableViewManagerTest;
		};
		D54015A121D7561E000B89C2 /* PBXContainerItemProxy */ = {
			isa = PBXContainerItemProxy;
			containerPortal = D540157521D7561D000B89C2 /* Project object */;
			proxyType = 1;
			remoteGlobalIDString = D540157C21D7561D000B89C2;
			remoteInfo = RETableViewManagerTest;
		};
/* End PBXContainerItemProxy section */

/* Begin PBXFileReference section */
		16E2712FDE4FB990718253B1 /* Pods-RETableViewManagerTest.release.xcconfig */ = {isa = PBXFileReference; includeInIndex = 1; lastKnownFileType = text.xcconfig; name = "Pods-RETableViewManagerTest.release.xcconfig"; path = "Pods/Target Support Files/Pods-RETableViewManagerTest/Pods-RETableViewManagerTest.release.xcconfig"; sourceTree = "<group>"; };
		5821A7BBC3C01C1F6CA9F6F3 /* Pods-RETableViewManagerTest.debug.xcconfig */ = {isa = PBXFileReference; includeInIndex = 1; lastKnownFileType = text.xcconfig; name = "Pods-RETableViewManagerTest.debug.xcconfig"; path = "Pods/Target Support Files/Pods-RETableViewManagerTest/Pods-RETableViewManagerTest.debug.xcconfig"; sourceTree = "<group>"; };
		D540157D21D7561D000B89C2 /* RETableViewManagerTest.app */ = {isa = PBXFileReference; explicitFileType = wrapper.application; includeInIndex = 0; path = RETableViewManagerTest.app; sourceTree = BUILT_PRODUCTS_DIR; };
		D540158021D7561D000B89C2 /* AppDelegate.h */ = {isa = PBXFileReference; lastKnownFileType = sourcecode.c.h; path = AppDelegate.h; sourceTree = "<group>"; };
		D540158121D7561D000B89C2 /* AppDelegate.m */ = {isa = PBXFileReference; lastKnownFileType = sourcecode.c.objc; path = AppDelegate.m; sourceTree = "<group>"; };
		D540158321D7561D000B89C2 /* ViewController.h */ = {isa = PBXFileReference; lastKnownFileType = sourcecode.c.h; path = ViewController.h; sourceTree = "<group>"; };
		D540158421D7561D000B89C2 /* ViewController.m */ = {isa = PBXFileReference; lastKnownFileType = sourcecode.c.objc; path = ViewController.m; sourceTree = "<group>"; };
		D540158721D7561D000B89C2 /* Base */ = {isa = PBXFileReference; lastKnownFileType = file.storyboard; name = Base; path = Base.lproj/Main.storyboard; sourceTree = "<group>"; };
		D540158921D7561E000B89C2 /* Assets.xcassets */ = {isa = PBXFileReference; lastKnownFileType = folder.assetcatalog; path = Assets.xcassets; sourceTree = "<group>"; };
		D540158C21D7561E000B89C2 /* Base */ = {isa = PBXFileReference; lastKnownFileType = file.storyboard; name = Base; path = Base.lproj/LaunchScreen.storyboard; sourceTree = "<group>"; };
		D540158E21D7561E000B89C2 /* Info.plist */ = {isa = PBXFileReference; lastKnownFileType = text.plist.xml; path = Info.plist; sourceTree = "<group>"; };
		D540158F21D7561E000B89C2 /* main.m */ = {isa = PBXFileReference; lastKnownFileType = sourcecode.c.objc; path = main.m; sourceTree = "<group>"; };
		D540159521D7561E000B89C2 /* RETableViewManagerTestTests.xctest */ = {isa = PBXFileReference; explicitFileType = wrapper.cfbundle; includeInIndex = 0; path = RETableViewManagerTestTests.xctest; sourceTree = BUILT_PRODUCTS_DIR; };
		D540159921D7561E000B89C2 /* RETableViewManagerTestTests.m */ = {isa = PBXFileReference; lastKnownFileType = sourcecode.c.objc; path = RETableViewManagerTestTests.m; sourceTree = "<group>"; };
		D540159B21D7561E000B89C2 /* Info.plist */ = {isa = PBXFileReference; lastKnownFileType = text.plist.xml; path = Info.plist; sourceTree = "<group>"; };
		D54015A021D7561E000B89C2 /* RETableViewManagerTestUITests.xctest */ = {isa = PBXFileReference; explicitFileType = wrapper.cfbundle; includeInIndex = 0; path = RETableViewManagerTestUITests.xctest; sourceTree = BUILT_PRODUCTS_DIR; };
		D54015A421D7561E000B89C2 /* RETableViewManagerTestUITests.m */ = {isa = PBXFileReference; lastKnownFileType = sourcecode.c.objc; path = RETableViewManagerTestUITests.m; sourceTree = "<group>"; };
		D54015A621D7561E000B89C2 /* Info.plist */ = {isa = PBXFileReference; lastKnownFileType = text.plist.xml; path = Info.plist; sourceTree = "<group>"; };
		D54015B221D75DA7000B89C2 /* ItemTest.h */ = {isa = PBXFileReference; lastKnownFileType = sourcecode.c.h; path = ItemTest.h; sourceTree = "<group>"; };
		D54015B321D75DA7000B89C2 /* ItemTest.m */ = {isa = PBXFileReference; lastKnownFileType = sourcecode.c.objc; path = ItemTest.m; sourceTree = "<group>"; };
		D54015B521D75E04000B89C2 /* Model.h */ = {isa = PBXFileReference; lastKnownFileType = sourcecode.c.h; path = Model.h; sourceTree = "<group>"; };
		D54015B621D75E04000B89C2 /* Model.m */ = {isa = PBXFileReference; lastKnownFileType = sourcecode.c.objc; path = Model.m; sourceTree = "<group>"; };
		D54015B821D7669D000B89C2 /* TextTableViewCell.h */ = {isa = PBXFileReference; lastKnownFileType = sourcecode.c.h; path = TextTableViewCell.h; sourceTree = "<group>"; };
		D54015B921D7669D000B89C2 /* TextTableViewCell.m */ = {isa = PBXFileReference; lastKnownFileType = sourcecode.c.objc; path = TextTableViewCell.m; sourceTree = "<group>"; };
		D563B0AD21FEB8860022BE25 /* YQXIBViewController.h */ = {isa = PBXFileReference; lastKnownFileType = sourcecode.c.h; path = YQXIBViewController.h; sourceTree = "<group>"; };
		D563B0AE21FEB8860022BE25 /* YQXIBViewController.m */ = {isa = PBXFileReference; lastKnownFileType = sourcecode.c.objc; path = YQXIBViewController.m; sourceTree = "<group>"; };
		D563B0AF21FEB8860022BE25 /* YQXIBViewController.xib */ = {isa = PBXFileReference; lastKnownFileType = file.xib; path = YQXIBViewController.xib; sourceTree = "<group>"; };
		D60DA2229917A729A7070893 /* libPods-RETableViewManagerTest.a */ = {isa = PBXFileReference; explicitFileType = archive.ar; includeInIndex = 0; path = "libPods-RETableViewManagerTest.a"; sourceTree = BUILT_PRODUCTS_DIR; };
/* End PBXFileReference section */

/* Begin PBXFrameworksBuildPhase section */
		D540157A21D7561D000B89C2 /* Frameworks */ = {
			isa = PBXFrameworksBuildPhase;
			buildActionMask = 2147483647;
			files = (
				806BC69F9272B8E2A9A8BDAB /* libPods-RETableViewManagerTest.a in Frameworks */,
			);
			runOnlyForDeploymentPostprocessing = 0;
		};
		D540159221D7561E000B89C2 /* Frameworks */ = {
			isa = PBXFrameworksBuildPhase;
			buildActionMask = 2147483647;
			files = (
			);
			runOnlyForDeploymentPostprocessing = 0;
		};
		D540159D21D7561E000B89C2 /* Frameworks */ = {
			isa = PBXFrameworksBuildPhase;
			buildActionMask = 2147483647;
			files = (
			);
			runOnlyForDeploymentPostprocessing = 0;
		};
/* End PBXFrameworksBuildPhase section */

/* Begin PBXGroup section */
		3E155EED0893905EF26C87E1 /* Pods */ = {
			isa = PBXGroup;
			children = (
				5821A7BBC3C01C1F6CA9F6F3 /* Pods-RETableViewManagerTest.debug.xcconfig */,
				16E2712FDE4FB990718253B1 /* Pods-RETableViewManagerTest.release.xcconfig */,
			);
			name = Pods;
			sourceTree = "<group>";
		};
		D540157421D7561D000B89C2 = {
			isa = PBXGroup;
			children = (
				D540157F21D7561D000B89C2 /* RETableViewManagerTest */,
				D540159821D7561E000B89C2 /* RETableViewManagerTestTests */,
				D54015A321D7561E000B89C2 /* RETableViewManagerTestUITests */,
				D540157E21D7561D000B89C2 /* Products */,
				3E155EED0893905EF26C87E1 /* Pods */,
				E8F2C9C692FDC8AE9578EE5D /* Frameworks */,
			);
			sourceTree = "<group>";
		};
		D540157E21D7561D000B89C2 /* Products */ = {
			isa = PBXGroup;
			children = (
				D540157D21D7561D000B89C2 /* RETableViewManagerTest.app */,
				D540159521D7561E000B89C2 /* RETableViewManagerTestTests.xctest */,
				D54015A021D7561E000B89C2 /* RETableViewManagerTestUITests.xctest */,
			);
			name = Products;
			sourceTree = "<group>";
		};
		D540157F21D7561D000B89C2 /* RETableViewManagerTest */ = {
			isa = PBXGroup;
			children = (
				D540158021D7561D000B89C2 /* AppDelegate.h */,
				D540158121D7561D000B89C2 /* AppDelegate.m */,
				D540158321D7561D000B89C2 /* ViewController.h */,
				D540158421D7561D000B89C2 /* ViewController.m */,
				D563B0AD21FEB8860022BE25 /* YQXIBViewController.h */,
				D563B0AE21FEB8860022BE25 /* YQXIBViewController.m */,
				D563B0AF21FEB8860022BE25 /* YQXIBViewController.xib */,
				D54015B221D75DA7000B89C2 /* ItemTest.h */,
				D54015B321D75DA7000B89C2 /* ItemTest.m */,
				D54015B821D7669D000B89C2 /* TextTableViewCell.h */,
				D54015B921D7669D000B89C2 /* TextTableViewCell.m */,
				D54015B521D75E04000B89C2 /* Model.h */,
				D54015B621D75E04000B89C2 /* Model.m */,
				D540158621D7561D000B89C2 /* Main.storyboard */,
				D540158921D7561E000B89C2 /* Assets.xcassets */,
				D540158B21D7561E000B89C2 /* LaunchScreen.storyboard */,
				D540158E21D7561E000B89C2 /* Info.plist */,
				D540158F21D7561E000B89C2 /* main.m */,
			);
			path = RETableViewManagerTest;
			sourceTree = "<group>";
		};
		D540159821D7561E000B89C2 /* RETableViewManagerTestTests */ = {
			isa = PBXGroup;
			children = (
				D540159921D7561E000B89C2 /* RETableViewManagerTestTests.m */,
				D540159B21D7561E000B89C2 /* Info.plist */,
			);
			path = RETableViewManagerTestTests;
			sourceTree = "<group>";
		};
		D54015A321D7561E000B89C2 /* RETableViewManagerTestUITests */ = {
			isa = PBXGroup;
			children = (
				D54015A421D7561E000B89C2 /* RETableViewManagerTestUITests.m */,
				D54015A621D7561E000B89C2 /* Info.plist */,
			);
			path = RETableViewManagerTestUITests;
			sourceTree = "<group>";
		};
		E8F2C9C692FDC8AE9578EE5D /* Frameworks */ = {
			isa = PBXGroup;
			children = (
				D60DA2229917A729A7070893 /* libPods-RETableViewManagerTest.a */,
			);
			name = Frameworks;
			sourceTree = "<group>";
		};
/* End PBXGroup section */

/* Begin PBXNativeTarget section */
		D540157C21D7561D000B89C2 /* RETableViewManagerTest */ = {
			isa = PBXNativeTarget;
			buildConfigurationList = D54015A921D7561E000B89C2 /* Build configuration list for PBXNativeTarget "RETableViewManagerTest" */;
			buildPhases = (
				3F66BA4F1CD5195CBCAC96B1 /* [CP] Check Pods Manifest.lock */,
				D540157921D7561D000B89C2 /* Sources */,
				D540157A21D7561D000B89C2 /* Frameworks */,
				D540157B21D7561D000B89C2 /* Resources */,
				220055BF43BD97276CB1A854 /* [CP] Copy Pods Resources */,
			);
			buildRules = (
			);
			dependencies = (
			);
			name = RETableViewManagerTest;
			productName = RETableViewManagerTest;
			productReference = D540157D21D7561D000B89C2 /* RETableViewManagerTest.app */;
			productType = "com.apple.product-type.application";
		};
		D540159421D7561E000B89C2 /* RETableViewManagerTestTests */ = {
			isa = PBXNativeTarget;
			buildConfigurationList = D54015AC21D7561E000B89C2 /* Build configuration list for PBXNativeTarget "RETableViewManagerTestTests" */;
			buildPhases = (
				D540159121D7561E000B89C2 /* Sources */,
				D540159221D7561E000B89C2 /* Frameworks */,
				D540159321D7561E000B89C2 /* Resources */,
			);
			buildRules = (
			);
			dependencies = (
				D540159721D7561E000B89C2 /* PBXTargetDependency */,
			);
			name = RETableViewManagerTestTests;
			productName = RETableViewManagerTestTests;
			productReference = D540159521D7561E000B89C2 /* RETableViewManagerTestTests.xctest */;
			productType = "com.apple.product-type.bundle.unit-test";
		};
		D540159F21D7561E000B89C2 /* RETableViewManagerTestUITests */ = {
			isa = PBXNativeTarget;
			buildConfigurationList = D54015AF21D7561E000B89C2 /* Build configuration list for PBXNativeTarget "RETableViewManagerTestUITests" */;
			buildPhases = (
				D540159C21D7561E000B89C2 /* Sources */,
				D540159D21D7561E000B89C2 /* Frameworks */,
				D540159E21D7561E000B89C2 /* Resources */,
			);
			buildRules = (
			);
			dependencies = (
				D54015A221D7561E000B89C2 /* PBXTargetDependency */,
			);
			name = RETableViewManagerTestUITests;
			productName = RETableViewManagerTestUITests;
			productReference = D54015A021D7561E000B89C2 /* RETableViewManagerTestUITests.xctest */;
			productType = "com.apple.product-type.bundle.ui-testing";
		};
/* End PBXNativeTarget section */

/* Begin PBXProject section */
		D540157521D7561D000B89C2 /* Project object */ = {
			isa = PBXProject;
			attributes = {
				LastUpgradeCheck = 1010;
				ORGANIZATIONNAME = "业乔集团";
				TargetAttributes = {
					D540157C21D7561D000B89C2 = {
						CreatedOnToolsVersion = 10.1;
					};
					D540159421D7561E000B89C2 = {
						CreatedOnToolsVersion = 10.1;
						TestTargetID = D540157C21D7561D000B89C2;
					};
					D540159F21D7561E000B89C2 = {
						CreatedOnToolsVersion = 10.1;
						TestTargetID = D540157C21D7561D000B89C2;
					};
				};
			};
			buildConfigurationList = D540157821D7561D000B89C2 /* Build configuration list for PBXProject "RETableViewManagerTest" */;
			compatibilityVersion = "Xcode 9.3";
			developmentRegion = en;
			hasScannedForEncodings = 0;
			knownRegions = (
				en,
				Base,
			);
			mainGroup = D540157421D7561D000B89C2;
			productRefGroup = D540157E21D7561D000B89C2 /* Products */;
			projectDirPath = "";
			projectRoot = "";
			targets = (
				D540157C21D7561D000B89C2 /* RETableViewManagerTest */,
				D540159421D7561E000B89C2 /* RETableViewManagerTestTests */,
				D540159F21D7561E000B89C2 /* RETableViewManagerTestUITests */,
			);
		};
/* End PBXProject section */

/* Begin PBXResourcesBuildPhase section */
		D540157B21D7561D000B89C2 /* Resources */ = {
			isa = PBXResourcesBuildPhase;
			buildActionMask = 2147483647;
			files = (
				D563B0B121FEB8860022BE25 /* YQXIBViewController.xib in Resources */,
				D540158D21D7561E000B89C2 /* LaunchScreen.storyboard in Resources */,
				D540158A21D7561E000B89C2 /* Assets.xcassets in Resources */,
				D540158821D7561D000B89C2 /* Main.storyboard in Resources */,
			);
			runOnlyForDeploymentPostprocessing = 0;
		};
		D540159321D7561E000B89C2 /* Resources */ = {
			isa = PBXResourcesBuildPhase;
			buildActionMask = 2147483647;
			files = (
			);
			runOnlyForDeploymentPostprocessing = 0;
		};
		D540159E21D7561E000B89C2 /* Resources */ = {
			isa = PBXResourcesBuildPhase;
			buildActionMask = 2147483647;
			files = (
			);
			runOnlyForDeploymentPostprocessing = 0;
		};
/* End PBXResourcesBuildPhase section */

/* Begin PBXShellScriptBuildPhase section */
		220055BF43BD97276CB1A854 /* [CP] Copy Pods Resources */ = {
			isa = PBXShellScriptBuildPhase;
			buildActionMask = 2147483647;
			files = (
			);
			inputFileListPaths = (
			);
			inputPaths = (
				"${SRCROOT}/Pods/Target Support Files/Pods-RETableViewManagerTest/Pods-RETableViewManagerTest-resources.sh",
				"${PODS_CONFIGURATION_BUILD_DIR}/RETableViewManager/RETableViewManager.bundle",
			);
			name = "[CP] Copy Pods Resources";
			outputFileListPaths = (
			);
			outputPaths = (
				"${TARGET_BUILD_DIR}/${UNLOCALIZED_RESOURCES_FOLDER_PATH}/RETableViewManager.bundle",
			);
			runOnlyForDeploymentPostprocessing = 0;
			shellPath = /bin/sh;
			shellScript = "\"${SRCROOT}/Pods/Target Support Files/Pods-RETableViewManagerTest/Pods-RETableViewManagerTest-resources.sh\"\n";
			showEnvVarsInLog = 0;
		};
		3F66BA4F1CD5195CBCAC96B1 /* [CP] Check Pods Manifest.lock */ = {
			isa = PBXShellScriptBuildPhase;
			buildActionMask = 2147483647;
			files = (
			);
			inputFileListPaths = (
			);
			inputPaths = (
				"${PODS_PODFILE_DIR_PATH}/Podfile.lock",
				"${PODS_ROOT}/Manifest.lock",
			);
			name = "[CP] Check Pods Manifest.lock";
			outputFileListPaths = (
			);
			outputPaths = (
				"$(DERIVED_FILE_DIR)/Pods-RETableViewManagerTest-checkManifestLockResult.txt",
			);
			runOnlyForDeploymentPostprocessing = 0;
			shellPath = /bin/sh;
			shellScript = "diff \"${PODS_PODFILE_DIR_PATH}/Podfile.lock\" \"${PODS_ROOT}/Manifest.lock\" > /dev/null\nif [ $? != 0 ] ; then\n    # print error to STDERR\n    echo \"error: The sandbox is not in sync with the Podfile.lock. Run 'pod install' or update your CocoaPods installation.\" >&2\n    exit 1\nfi\n# This output is used by Xcode 'outputs' to avoid re-running this script phase.\necho \"SUCCESS\" > \"${SCRIPT_OUTPUT_FILE_0}\"\n";
			showEnvVarsInLog = 0;
		};
/* End PBXShellScriptBuildPhase section */

/* Begin PBXSourcesBuildPhase section */
		D540157921D7561D000B89C2 /* Sources */ = {
			isa = PBXSourcesBuildPhase;
			buildActionMask = 2147483647;
			files = (
				D563B0B021FEB8860022BE25 /* YQXIBViewController.m in Sources */,
				D54015B421D75DA7000B89C2 /* ItemTest.m in Sources */,
				D540158521D7561D000B89C2 /* ViewController.m in Sources */,
				D540159021D7561E000B89C2 /* main.m in Sources */,
				D540158221D7561D000B89C2 /* AppDelegate.m in Sources */,
				D54015BA21D7669D000B89C2 /* TextTableViewCell.m in Sources */,
				D54015B721D75E04000B89C2 /* Model.m in Sources */,
			);
			runOnlyForDeploymentPostprocessing = 0;
		};
		D540159121D7561E000B89C2 /* Sources */ = {
			isa = PBXSourcesBuildPhase;
			buildActionMask = 2147483647;
			files = (
				D540159A21D7561E000B89C2 /* RETableViewManagerTestTests.m in Sources */,
			);
			runOnlyForDeploymentPostprocessing = 0;
		};
		D540159C21D7561E000B89C2 /* Sources */ = {
			isa = PBXSourcesBuildPhase;
			buildActionMask = 2147483647;
			files = (
				D54015A521D7561E000B89C2 /* RETableViewManagerTestUITests.m in Sources */,
			);
			runOnlyForDeploymentPostprocessing = 0;
		};
/* End PBXSourcesBuildPhase section */

/* Begin PBXTargetDependency section */
		D540159721D7561E000B89C2 /* PBXTargetDependency */ = {
			isa = PBXTargetDependency;
			target = D540157C21D7561D000B89C2 /* RETableViewManagerTest */;
			targetProxy = D540159621D7561E000B89C2 /* PBXContainerItemProxy */;
		};
		D54015A221D7561E000B89C2 /* PBXTargetDependency */ = {
			isa = PBXTargetDependency;
			target = D540157C21D7561D000B89C2 /* RETableViewManagerTest */;
			targetProxy = D54015A121D7561E000B89C2 /* PBXContainerItemProxy */;
		};
/* End PBXTargetDependency section */

/* Begin PBXVariantGroup section */
		D540158621D7561D000B89C2 /* Main.storyboard */ = {
			isa = PBXVariantGroup;
			children = (
				D540158721D7561D000B89C2 /* Base */,
			);
			name = Main.storyboard;
			sourceTree = "<group>";
		};
		D540158B21D7561E000B89C2 /* LaunchScreen.storyboard */ = {
			isa = PBXVariantGroup;
			children = (
				D540158C21D7561E000B89C2 /* Base */,
			);
			name = LaunchScreen.storyboard;
			sourceTree = "<group>";
		};
/* End PBXVariantGroup section */

/* Begin XCBuildConfiguration section */
		D54015A721D7561E000B89C2 /* Debug */ = {
			isa = XCBuildConfiguration;
			buildSettings = {
				ALWAYS_SEARCH_USER_PATHS = NO;
				CLANG_ANALYZER_NONNULL = YES;
				CLANG_ANALYZER_NUMBER_OBJECT_CONVERSION = YES_AGGRESSIVE;
				CLANG_CXX_LANGUAGE_STANDARD = "gnu++14";
				CLANG_CXX_LIBRARY = "libc++";
				CLANG_ENABLE_MODULES = YES;
				CLANG_ENABLE_OBJC_ARC = YES;
				CLANG_ENABLE_OBJC_WEAK = YES;
				CLANG_WARN_BLOCK_CAPTURE_AUTORELEASING = YES;
				CLANG_WARN_BOOL_CONVERSION = YES;
				CLANG_WARN_COMMA = YES;
				CLANG_WARN_CONSTANT_CONVERSION = YES;
				CLANG_WARN_DEPRECATED_OBJC_IMPLEMENTATIONS = YES;
				CLANG_WARN_DIRECT_OBJC_ISA_USAGE = YES_ERROR;
				CLANG_WARN_DOCUMENTATION_COMMENTS = YES;
				CLANG_WARN_EMPTY_BODY = YES;
				CLANG_WARN_ENUM_CONVERSION = YES;
				CLANG_WARN_INFINITE_RECURSION = YES;
				CLANG_WARN_INT_CONVERSION = YES;
				CLANG_WARN_NON_LITERAL_NULL_CONVERSION = YES;
				CLANG_WARN_OBJC_IMPLICIT_RETAIN_SELF = YES;
				CLANG_WARN_OBJC_LITERAL_CONVERSION = YES;
				CLANG_WARN_OBJC_ROOT_CLASS = YES_ERROR;
				CLANG_WARN_RANGE_LOOP_ANALYSIS = YES;
				CLANG_WARN_STRICT_PROTOTYPES = YES;
				CLANG_WARN_SUSPICIOUS_MOVE = YES;
				CLANG_WARN_UNGUARDED_AVAILABILITY = YES_AGGRESSIVE;
				CLANG_WARN_UNREACHABLE_CODE = YES;
				CLANG_WARN__DUPLICATE_METHOD_MATCH = YES;
				CODE_SIGN_IDENTITY = "iPhone Developer";
				COPY_PHASE_STRIP = NO;
				DEBUG_INFORMATION_FORMAT = dwarf;
				ENABLE_STRICT_OBJC_MSGSEND = YES;
				ENABLE_TESTABILITY = YES;
				GCC_C_LANGUAGE_STANDARD = gnu11;
				GCC_DYNAMIC_NO_PIC = NO;
				GCC_NO_COMMON_BLOCKS = YES;
				GCC_OPTIMIZATION_LEVEL = 0;
				GCC_PREPROCESSOR_DEFINITIONS = (
					"DEBUG=1",
					"$(inherited)",
				);
				GCC_WARN_64_TO_32_BIT_CONVERSION = YES;
				GCC_WARN_ABOUT_RETURN_TYPE = YES_ERROR;
				GCC_WARN_UNDECLARED_SELECTOR = YES;
				GCC_WARN_UNINITIALIZED_AUTOS = YES_AGGRESSIVE;
				GCC_WARN_UNUSED_FUNCTION = YES;
				GCC_WARN_UNUSED_VARIABLE = YES;
				IPHONEOS_DEPLOYMENT_TARGET = 12.1;
				MTL_ENABLE_DEBUG_INFO = INCLUDE_SOURCE;
				MTL_FAST_MATH = YES;
				ONLY_ACTIVE_ARCH = YES;
				SDKROOT = iphoneos;
			};
			name = Debug;
		};
		D54015A821D7561E000B89C2 /* Release */ = {
			isa = XCBuildConfiguration;
			buildSettings = {
				ALWAYS_SEARCH_USER_PATHS = NO;
				CLANG_ANALYZER_NONNULL = YES;
				CLANG_ANALYZER_NUMBER_OBJECT_CONVERSION = YES_AGGRESSIVE;
				CLANG_CXX_LANGUAGE_STANDARD = "gnu++14";
				CLANG_CXX_LIBRARY = "libc++";
				CLANG_ENABLE_MODULES = YES;
				CLANG_ENABLE_OBJC_ARC = YES;
				CLANG_ENABLE_OBJC_WEAK = YES;
				CLANG_WARN_BLOCK_CAPTURE_AUTORELEASING = YES;
				CLANG_WARN_BOOL_CONVERSION = YES;
				CLANG_WARN_COMMA = YES;
				CLANG_WARN_CONSTANT_CONVERSION = YES;
				CLANG_WARN_DEPRECATED_OBJC_IMPLEMENTATIONS = YES;
				CLANG_WARN_DIRECT_OBJC_ISA_USAGE = YES_ERROR;
				CLANG_WARN_DOCUMENTATION_COMMENTS = YES;
				CLANG_WARN_EMPTY_BODY = YES;
				CLANG_WARN_ENUM_CONVERSION = YES;
				CLANG_WARN_INFINITE_RECURSION = YES;
				CLANG_WARN_INT_CONVERSION = YES;
				CLANG_WARN_NON_LITERAL_NULL_CONVERSION = YES;
				CLANG_WARN_OBJC_IMPLICIT_RETAIN_SELF = YES;
				CLANG_WARN_OBJC_LITERAL_CONVERSION = YES;
				CLANG_WARN_OBJC_ROOT_CLASS = YES_ERROR;
				CLANG_WARN_RANGE_LOOP_ANALYSIS = YES;
				CLANG_WARN_STRICT_PROTOTYPES = YES;
				CLANG_WARN_SUSPICIOUS_MOVE = YES;
				CLANG_WARN_UNGUARDED_AVAILABILITY = YES_AGGRESSIVE;
				CLANG_WARN_UNREACHABLE_CODE = YES;
				CLANG_WARN__DUPLICATE_METHOD_MATCH = YES;
				CODE_SIGN_IDENTITY = "iPhone Developer";
				COPY_PHASE_STRIP = NO;
				DEBUG_INFORMATION_FORMAT = "dwarf-with-dsym";
				ENABLE_NS_ASSERTIONS = NO;
				ENABLE_STRICT_OBJC_MSGSEND = YES;
				GCC_C_LANGUAGE_STANDARD = gnu11;
				GCC_NO_COMMON_BLOCKS = YES;
				GCC_WARN_64_TO_32_BIT_CONVERSION = YES;
				GCC_WARN_ABOUT_RETURN_TYPE = YES_ERROR;
				GCC_WARN_UNDECLARED_SELECTOR = YES;
				GCC_WARN_UNINITIALIZED_AUTOS = YES_AGGRESSIVE;
				GCC_WARN_UNUSED_FUNCTION = YES;
				GCC_WARN_UNUSED_VARIABLE = YES;
				IPHONEOS_DEPLOYMENT_TARGET = 12.1;
				MTL_ENABLE_DEBUG_INFO = NO;
				MTL_FAST_MATH = YES;
				SDKROOT = iphoneos;
				VALIDATE_PRODUCT = YES;
			};
			name = Release;
		};
		D54015AA21D7561E000B89C2 /* Debug */ = {
			isa = XCBuildConfiguration;
			baseConfigurationReference = 5821A7BBC3C01C1F6CA9F6F3 /* Pods-RETableViewManagerTest.debug.xcconfig */;
			buildSettings = {
				ASSETCATALOG_COMPILER_APPICON_NAME = AppIcon;
				CODE_SIGN_STYLE = Automatic;
				INFOPLIST_FILE = RETableViewManagerTest/Info.plist;
				IPHONEOS_DEPLOYMENT_TARGET = 9.0;
				LD_RUNPATH_SEARCH_PATHS = (
					"$(inherited)",
					"@executable_path/Frameworks",
				);
				PRODUCT_BUNDLE_IDENTIFIER = YQJT.RETableViewManagerTest;
				PRODUCT_NAME = "$(TARGET_NAME)";
				TARGETED_DEVICE_FAMILY = "1,2";
			};
			name = Debug;
		};
		D54015AB21D7561E000B89C2 /* Release */ = {
			isa = XCBuildConfiguration;
			baseConfigurationReference = 16E2712FDE4FB990718253B1 /* Pods-RETableViewManagerTest.release.xcconfig */;
			buildSettings = {
				ASSETCATALOG_COMPILER_APPICON_NAME = AppIcon;
				CODE_SIGN_STYLE = Automatic;
				INFOPLIST_FILE = RETableViewManagerTest/Info.plist;
				IPHONEOS_DEPLOYMENT_TARGET = 9.0;
				LD_RUNPATH_SEARCH_PATHS = (
					"$(inherited)",
					"@executable_path/Frameworks",
				);
				PRODUCT_BUNDLE_IDENTIFIER = YQJT.RETableViewManagerTest;
				PRODUCT_NAME = "$(TARGET_NAME)";
				TARGETED_DEVICE_FAMILY = "1,2";
			};
			name = Release;
		};
		D54015AD21D7561E000B89C2 /* Debug */ = {
			isa = XCBuildConfiguration;
			buildSettings = {
				BUNDLE_LOADER = "$(TEST_HOST)";
				CODE_SIGN_STYLE = Automatic;
				INFOPLIST_FILE = RETableViewManagerTestTests/Info.plist;
				LD_RUNPATH_SEARCH_PATHS = (
					"$(inherited)",
					"@executable_path/Frameworks",
					"@loader_path/Frameworks",
				);
				PRODUCT_BUNDLE_IDENTIFIER = YQJT.RETableViewManagerTestTests;
				PRODUCT_NAME = "$(TARGET_NAME)";
				TARGETED_DEVICE_FAMILY = "1,2";
				TEST_HOST = "$(BUILT_PRODUCTS_DIR)/RETableViewManagerTest.app/RETableViewManagerTest";
			};
			name = Debug;
		};
		D54015AE21D7561E000B89C2 /* Release */ = {
			isa = XCBuildConfiguration;
			buildSettings = {
				BUNDLE_LOADER = "$(TEST_HOST)";
				CODE_SIGN_STYLE = Automatic;
				INFOPLIST_FILE = RETableViewManagerTestTests/Info.plist;
				LD_RUNPATH_SEARCH_PATHS = (
					"$(inherited)",
					"@executable_path/Frameworks",
					"@loader_path/Frameworks",
				);
				PRODUCT_BUNDLE_IDENTIFIER = YQJT.RETableViewManagerTestTests;
				PRODUCT_NAME = "$(TARGET_NAME)";
				TARGETED_DEVICE_FAMILY = "1,2";
				TEST_HOST = "$(BUILT_PRODUCTS_DIR)/RETableViewManagerTest.app/RETableViewManagerTest";
			};
			name = Release;
		};
		D54015B021D7561E000B89C2 /* Debug */ = {
			isa = XCBuildConfiguration;
			buildSettings = {
				CODE_SIGN_STYLE = Automatic;
				INFOPLIST_FILE = RETableViewManagerTestUITests/Info.plist;
				LD_RUNPATH_SEARCH_PATHS = (
					"$(inherited)",
					"@executable_path/Frameworks",
					"@loader_path/Frameworks",
				);
				PRODUCT_BUNDLE_IDENTIFIER = YQJT.RETableViewManagerTestUITests;
				PRODUCT_NAME = "$(TARGET_NAME)";
				TARGETED_DEVICE_FAMILY = "1,2";
				TEST_TARGET_NAME = RETableViewManagerTest;
			};
			name = Debug;
		};
		D54015B121D7561E000B89C2 /* Release */ = {
			isa = XCBuildConfiguration;
			buildSettings = {
				CODE_SIGN_STYLE = Automatic;
				INFOPLIST_FILE = RETableViewManagerTestUITests/Info.plist;
				LD_RUNPATH_SEARCH_PATHS = (
					"$(inherited)",
					"@executable_path/Frameworks",
					"@loader_path/Frameworks",
				);
				PRODUCT_BUNDLE_IDENTIFIER = YQJT.RETableViewManagerTestUITests;
				PRODUCT_NAME = "$(TARGET_NAME)";
				TARGETED_DEVICE_FAMILY = "1,2";
				TEST_TARGET_NAME = RETableViewManagerTest;
			};
			name = Release;
		};
/* End XCBuildConfiguration section */

/* Begin XCConfigurationList section */
		D540157821D7561D000B89C2 /* Build configuration list for PBXProject "RETableViewManagerTest" */ = {
			isa = XCConfigurationList;
			buildConfigurations = (
				D54015A721D7561E000B89C2 /* Debug */,
				D54015A821D7561E000B89C2 /* Release */,
			);
			defaultConfigurationIsVisible = 0;
			defaultConfigurationName = Release;
		};
		D54015A921D7561E000B89C2 /* Build configuration list for PBXNativeTarget "RETableViewManagerTest" */ = {
			isa = XCConfigurationList;
			buildConfigurations = (
				D54015AA21D7561E000B89C2 /* Debug */,
				D54015AB21D7561E000B89C2 /* Release */,
			);
			defaultConfigurationIsVisible = 0;
			defaultConfigurationName = Release;
		};
		D54015AC21D7561E000B89C2 /* Build configuration list for PBXNativeTarget "RETableViewManagerTestTests" */ = {
			isa = XCConfigurationList;
			buildConfigurations = (
				D54015AD21D7561E000B89C2 /* Debug */,
				D54015AE21D7561E000B89C2 /* Release */,
			);
			defaultConfigurationIsVisible = 0;
			defaultConfigurationName = Release;
		};
		D54015AF21D7561E000B89C2 /* Build configuration list for PBXNativeTarget "RETableViewManagerTestUITests" */ = {
			isa = XCConfigurationList;
			buildConfigurations = (
				D54015B021D7561E000B89C2 /* Debug */,
				D54015B121D7561E000B89C2 /* Release */,
			);
			defaultConfigurationIsVisible = 0;
			defaultConfigurationName = Release;
		};
/* End XCConfigurationList section */
	};
	rootObject = D540157521D7561D000B89C2 /* Project object */;
}
